
Microsoft Visual Studio Solution File, Format Version 12.00
# Visual Studio Version 16
VisualStudioVersion = 16.0.30503.244
MinimumVisualStudioVersion = 10.0.40219.1
Project("{FAE04EC0-301F-11D3-BF4B-00C04F79EFBC}") = "DAMHCC", "DAMHCC\DAMHCC.csproj", "{65EFA871-BB3B-4A40-91ED-560D75BD34F8}"
EndProject
Global
	GlobalSection(SolutionConfigurationPlatforms) = preSolution
		Debug|Any CPU = Debug|Any CPU
		Release|Any CPU = Release|Any CPU
	EndGlobalSection
	GlobalSection(ProjectConfigurationPlatforms) = postSolution
		{65EFA871-BB3B-4A40-91ED-560D75BD34F8}.Debug|Any CPU.ActiveCfg = Debug|Any CPU
		{65EFA871-BB3B-4A40-91ED-560D75BD34F8}.Debug|Any CPU.Build.0 = Debug|Any CPU
		{65EFA871-BB3B-4A40-91ED-560D75BD34F8}.Release|Any CPU.ActiveCfg = Release|Any CPU
		{65EFA871-BB3B-4A40-91ED-560D75BD34F8}.Release|Any CPU.Build.0 = Release|Any CPU
	EndGlobalSection
	GlobalSection(SolutionProperties) = preSolution
		HideSolutionNode = FALSE
	EndGlobalSection
	GlobalSection(ExtensibilityGlobals) = postSolution
		SolutionGuid = {F69A39B0-3160-4EAB-9A0F-FD304C10D250}
	EndGlobalSection
EndGlobal
